
Microsoft Visual Studio Solution File, Format Version 12.00
# Visual Studio Version 16
VisualStudioVersion = 16.0.32126.315
MinimumVisualStudioVersion = 10.0.40219.1
Project("{FAE04EC0-301F-11D3-BF4B-00C04F79EFBC}") = "BookDoc", "BookDoc\BookDoc.csproj", "{22D05A08-E8BE-49D8-BE13-E9A249DD0835}"
EndProject
Global
	GlobalSection(SolutionConfigurationPlatforms) = preSolution
		Debug|Any CPU = Debug|Any CPU
		Release|Any CPU = Release|Any CPU
	EndGlobalSection
	GlobalSection(ProjectConfigurationPlatforms) = postSolution
		{22D05A08-E8BE-49D8-BE13-E9A249DD0835}.Debug|Any CPU.ActiveCfg = Debug|Any CPU
		{22D05A08-E8BE-49D8-BE13-E9A249DD0835}.Debug|Any CPU.Build.0 = Debug|Any CPU
		{22D05A08-E8BE-49D8-BE13-E9A249DD0835}.Release|Any CPU.ActiveCfg = Release|Any CPU
		{22D05A08-E8BE-49D8-BE13-E9A249DD0835}.Release|Any CPU.Build.0 = Release|Any CPU
	EndGlobalSection
	GlobalSection(SolutionProperties) = preSolution
		HideSolutionNode = FALSE
	EndGlobalSection
	GlobalSection(ExtensibilityGlobals) = postSolution
		SolutionGuid = {C84FB9AB-F7DF-4358-A308-0E1877482D3F}
	EndGlobalSection
EndGlobal
